
Microsoft Visual Studio Solution File, Format Version 12.00
# Visual Studio Version 17
VisualStudioVersion = 17.6.33815.320
MinimumVisualStudioVersion = 10.0.40219.1
Project("{8BC9CEB8-8B4A-11D0-8D11-00A0C91BC942}") = "Project.test1.07_20", "Project.test1.07_20\Project.test1.07_20.vcxproj", "{20C2F53C-5111-467B-AD9C-F9F7AAF38597}"
EndProject
Global
	GlobalSection(SolutionConfigurationPlatforms) = preSolution
		Debug|x64 = Debug|x64
		Debug|x86 = Debug|x86
		Release|x64 = Release|x64
		Release|x86 = Release|x86
	EndGlobalSection
	GlobalSection(ProjectConfigurationPlatforms) = postSolution
		{20C2F53C-5111-467B-AD9C-F9F7AAF38597}.Debug|x64.ActiveCfg = Debug|x64
		{20C2F53C-5111-467B-AD9C-F9F7AAF38597}.Debug|x64.Build.0 = Debug|x64
		{20C2F53C-5111-467B-AD9C-F9F7AAF38597}.Debug|x86.ActiveCfg = Debug|Win32
		{20C2F53C-5111-467B-AD9C-F9F7AAF38597}.Debug|x86.Build.0 = Debug|Win32
		{20C2F53C-5111-467B-AD9C-F9F7AAF38597}.Release|x64.ActiveCfg = Release|x64
		{20C2F53C-5111-467B-AD9C-F9F7AAF38597}.Release|x64.Build.0 = Release|x64
		{20C2F53C-5111-467B-AD9C-F9F7AAF38597}.Release|x86.ActiveCfg = Release|Win32
		{20C2F53C-5111-467B-AD9C-F9F7AAF38597}.Release|x86.Build.0 = Release|Win32
	EndGlobalSection
	GlobalSection(SolutionProperties) = preSolution
		HideSolutionNode = FALSE
	EndGlobalSection
	GlobalSection(ExtensibilityGlobals) = postSolution
		SolutionGuid = {48BA1FDE-E0B4-43BC-A7D3-E253B9516EC2}
	EndGlobalSection
EndGlobal
